
Microsoft Visual Studio Solution File, Format Version 12.00
# Visual Studio Version 17
VisualStudioVersion = 17.3.32901.215
MinimumVisualStudioVersion = 10.0.40219.1
Project("{FAE04EC0-301F-11D3-BF4B-00C04F79EFBC}") = "simpleTextEditor", "simpleTextEditor.csproj", "{0399849B-A7FE-48C8-A3D0-17CA1302C7C0}"
EndProject
Global
	GlobalSection(SolutionConfigurationPlatforms) = preSolution
		Debug|Any CPU = Debug|Any CPU
		Release|Any CPU = Release|Any CPU
	EndGlobalSection
	GlobalSection(ProjectConfigurationPlatforms) = postSolution
		{0399849B-A7FE-48C8-A3D0-17CA1302C7C0}.Debug|Any CPU.ActiveCfg = Debug|Any CPU
		{0399849B-A7FE-48C8-A3D0-17CA1302C7C0}.Debug|Any CPU.Build.0 = Debug|Any CPU
		{0399849B-A7FE-48C8-A3D0-17CA1302C7C0}.Release|Any CPU.ActiveCfg = Release|Any CPU
		{0399849B-A7FE-48C8-A3D0-17CA1302C7C0}.Release|Any CPU.Build.0 = Release|Any CPU
	EndGlobalSection
	GlobalSection(SolutionProperties) = preSolution
		HideSolutionNode = FALSE
	EndGlobalSection
	GlobalSection(ExtensibilityGlobals) = postSolution
		SolutionGuid = {327B0542-34B5-4555-92A2-B60122E81147}
	EndGlobalSection
EndGlobal
